
Microsoft Visual Studio Solution File, Format Version 12.00
# Visual Studio Version 17
VisualStudioVersion = 17.0.31919.166
MinimumVisualStudioVersion = 10.0.40219.1
Project("{FAE04EC0-301F-11D3-BF4B-00C04F79EFBC}") = "CS_AESDES128", "CS_AESDES128.csproj", "{B346D7BF-E858-4809-82EA-88F54FDFE1B5}"
EndProject
Global
	GlobalSection(SolutionConfigurationPlatforms) = preSolution
		Debug|Any CPU = Debug|Any CPU
		Release|Any CPU = Release|Any CPU
	EndGlobalSection
	GlobalSection(ProjectConfigurationPlatforms) = postSolution
		{B346D7BF-E858-4809-82EA-88F54FDFE1B5}.Debug|Any CPU.ActiveCfg = Debug|Any CPU
		{B346D7BF-E858-4809-82EA-88F54FDFE1B5}.Debug|Any CPU.Build.0 = Debug|Any CPU
		{B346D7BF-E858-4809-82EA-88F54FDFE1B5}.Release|Any CPU.ActiveCfg = Release|Any CPU
		{B346D7BF-E858-4809-82EA-88F54FDFE1B5}.Release|Any CPU.Build.0 = Release|Any CPU
	EndGlobalSection
	GlobalSection(SolutionProperties) = preSolution
		HideSolutionNode = FALSE
	EndGlobalSection
	GlobalSection(ExtensibilityGlobals) = postSolution
		SolutionGuid = {377CE857-698A-4C40-B452-2D05DD1EF16D}
	EndGlobalSection
EndGlobal
